
Microsoft Visual Studio Solution File, Format Version 12.00
# Visual Studio Version 17
VisualStudioVersion = 17.4.33213.308
MinimumVisualStudioVersion = 10.0.40219.1
Project("{888888A0-9F3D-457C-B088-3A5042F75D52}") = "hearth", "hearth\hearth.pyproj", "{7F955C7B-7999-47D5-89D1-158A192DB1DE}"
EndProject
Global
	GlobalSection(SolutionConfigurationPlatforms) = preSolution
		Debug|Any CPU = Debug|Any CPU
		Release|Any CPU = Release|Any CPU
	EndGlobalSection
	GlobalSection(ProjectConfigurationPlatforms) = postSolution
		{7F955C7B-7999-47D5-89D1-158A192DB1DE}.Debug|Any CPU.ActiveCfg = Debug|Any CPU
		{7F955C7B-7999-47D5-89D1-158A192DB1DE}.Release|Any CPU.ActiveCfg = Release|Any CPU
	EndGlobalSection
	GlobalSection(SolutionProperties) = preSolution
		HideSolutionNode = FALSE
	EndGlobalSection
	GlobalSection(ExtensibilityGlobals) = postSolution
		SolutionGuid = {7B69AF0C-DEF6-4BF0-B0B0-828B6DD81ECD}
	EndGlobalSection
EndGlobal
